
Microsoft Visual Studio Solution File, Format Version 12.00
# Visual Studio Version 17
VisualStudioVersion = 17.13.35828.75 d17.13
MinimumVisualStudioVersion = 10.0.40219.1
Project("{FAE04EC0-301F-11D3-BF4B-00C04F79EFBC}") = "LojaVirtual.Api", "LojaVirtual.Api\LojaVirtual.Api.csproj", "{4E8E1E3D-3647-4B83-BC53-5D65B6588A5B}"
	ProjectSection(ProjectDependencies) = postProject
		{4E3DE04A-2705-4C93-9C31-DE32CF4D4950} = {4E3DE04A-2705-4C93-9C31-DE32CF4D4950}
		{799A2060-014C-45C3-99F9-0EF6552EABAB} = {799A2060-014C-45C3-99F9-0EF6552EABAB}
	EndProjectSection
EndProject
Project("{FAE04EC0-301F-11D3-BF4B-00C04F79EFBC}") = "LojaVirtual.Infrastructure", "LojaVirtual.Infrastructure\LojaVirtual.Infrastructure.csproj", "{FFA2C49E-ABBA-4F7E-BCEB-FDABEE16E3BC}"
	ProjectSection(ProjectDependencies) = postProject
		{686298C8-F54D-4A86-B5B4-C2FB188749AF} = {686298C8-F54D-4A86-B5B4-C2FB188749AF}
		{799A2060-014C-45C3-99F9-0EF6552EABAB} = {799A2060-014C-45C3-99F9-0EF6552EABAB}
	EndProjectSection
EndProject
Project("{FAE04EC0-301F-11D3-BF4B-00C04F79EFBC}") = "LojaVirtual.Application", "LojaVirtual.Application\LojaVirtual.Application.csproj", "{4E3DE04A-2705-4C93-9C31-DE32CF4D4950}"
	ProjectSection(ProjectDependencies) = postProject
		{799A2060-014C-45C3-99F9-0EF6552EABAB} = {799A2060-014C-45C3-99F9-0EF6552EABAB}
		{FFA2C49E-ABBA-4F7E-BCEB-FDABEE16E3BC} = {FFA2C49E-ABBA-4F7E-BCEB-FDABEE16E3BC}
	EndProjectSection
EndProject
Project("{FAE04EC0-301F-11D3-BF4B-00C04F79EFBC}") = "LojaVirtual.Domain", "LojaVirtual.Domain\LojaVirtual.Domain.csproj", "{686298C8-F54D-4A86-B5B4-C2FB188749AF}"
	ProjectSection(ProjectDependencies) = postProject
		{799A2060-014C-45C3-99F9-0EF6552EABAB} = {799A2060-014C-45C3-99F9-0EF6552EABAB}
	EndProjectSection
EndProject
Project("{FAE04EC0-301F-11D3-BF4B-00C04F79EFBC}") = "LojaVirtual.Core", "LojaVirtual.Core\LojaVirtual.Core.csproj", "{799A2060-014C-45C3-99F9-0EF6552EABAB}"
EndProject
Global
	GlobalSection(SolutionConfigurationPlatforms) = preSolution
		Debug|Any CPU = Debug|Any CPU
		Release|Any CPU = Release|Any CPU
	EndGlobalSection
	GlobalSection(ProjectConfigurationPlatforms) = postSolution
		{4E8E1E3D-3647-4B83-BC53-5D65B6588A5B}.Debug|Any CPU.ActiveCfg = Debug|Any CPU
		{4E8E1E3D-3647-4B83-BC53-5D65B6588A5B}.Debug|Any CPU.Build.0 = Debug|Any CPU
		{4E8E1E3D-3647-4B83-BC53-5D65B6588A5B}.Release|Any CPU.ActiveCfg = Release|Any CPU
		{4E8E1E3D-3647-4B83-BC53-5D65B6588A5B}.Release|Any CPU.Build.0 = Release|Any CPU
		{FFA2C49E-ABBA-4F7E-BCEB-FDABEE16E3BC}.Debug|Any CPU.ActiveCfg = Debug|Any CPU
		{FFA2C49E-ABBA-4F7E-BCEB-FDABEE16E3BC}.Debug|Any CPU.Build.0 = Debug|Any CPU
		{FFA2C49E-ABBA-4F7E-BCEB-FDABEE16E3BC}.Release|Any CPU.ActiveCfg = Release|Any CPU
		{FFA2C49E-ABBA-4F7E-BCEB-FDABEE16E3BC}.Release|Any CPU.Build.0 = Release|Any CPU
		{4E3DE04A-2705-4C93-9C31-DE32CF4D4950}.Debug|Any CPU.ActiveCfg = Debug|Any CPU
		{4E3DE04A-2705-4C93-9C31-DE32CF4D4950}.Debug|Any CPU.Build.0 = Debug|Any CPU
		{4E3DE04A-2705-4C93-9C31-DE32CF4D4950}.Release|Any CPU.ActiveCfg = Release|Any CPU
		{4E3DE04A-2705-4C93-9C31-DE32CF4D4950}.Release|Any CPU.Build.0 = Release|Any CPU
		{686298C8-F54D-4A86-B5B4-C2FB188749AF}.Debug|Any CPU.ActiveCfg = Debug|Any CPU
		{686298C8-F54D-4A86-B5B4-C2FB188749AF}.Debug|Any CPU.Build.0 = Debug|Any CPU
		{686298C8-F54D-4A86-B5B4-C2FB188749AF}.Release|Any CPU.ActiveCfg = Release|Any CPU
		{686298C8-F54D-4A86-B5B4-C2FB188749AF}.Release|Any CPU.Build.0 = Release|Any CPU
		{799A2060-014C-45C3-99F9-0EF6552EABAB}.Debug|Any CPU.ActiveCfg = Debug|Any CPU
		{799A2060-014C-45C3-99F9-0EF6552EABAB}.Debug|Any CPU.Build.0 = Debug|Any CPU
		{799A2060-014C-45C3-99F9-0EF6552EABAB}.Release|Any CPU.ActiveCfg = Release|Any CPU
		{799A2060-014C-45C3-99F9-0EF6552EABAB}.Release|Any CPU.Build.0 = Release|Any CPU
	EndGlobalSection
	GlobalSection(SolutionProperties) = preSolution
		HideSolutionNode = FALSE
	EndGlobalSection
	GlobalSection(ExtensibilityGlobals) = postSolution
		SolutionGuid = {3E49C761-4489-424D-827B-69D9BFBBCBD5}
	EndGlobalSection
EndGlobal
